
Microsoft Visual Studio Solution File, Format Version 12.00
# Visual Studio Version 16
VisualStudioVersion = 16.0.30517.126
MinimumVisualStudioVersion = 10.0.40219.1
Project("{FAE04EC0-301F-11D3-BF4B-00C04F79EFBC}") = "TravailPratique1", "TravailPratique1\TravailPratique1.csproj", "{4CA951AA-34D9-4339-8EED-D4E79D34E9FC}"
EndProject
Global
	GlobalSection(SolutionConfigurationPlatforms) = preSolution
		Debug|Any CPU = Debug|Any CPU
		Release|Any CPU = Release|Any CPU
	EndGlobalSection
	GlobalSection(ProjectConfigurationPlatforms) = postSolution
		{4CA951AA-34D9-4339-8EED-D4E79D34E9FC}.Debug|Any CPU.ActiveCfg = Debug|Any CPU
		{4CA951AA-34D9-4339-8EED-D4E79D34E9FC}.Debug|Any CPU.Build.0 = Debug|Any CPU
		{4CA951AA-34D9-4339-8EED-D4E79D34E9FC}.Release|Any CPU.ActiveCfg = Release|Any CPU
		{4CA951AA-34D9-4339-8EED-D4E79D34E9FC}.Release|Any CPU.Build.0 = Release|Any CPU
	EndGlobalSection
	GlobalSection(SolutionProperties) = preSolution
		HideSolutionNode = FALSE
	EndGlobalSection
	GlobalSection(ExtensibilityGlobals) = postSolution
		SolutionGuid = {ABD8C37F-C24D-47B7-BBDA-94C058D86D3E}
	EndGlobalSection
EndGlobal
